# THIS IS AN AUTOGENERATED FILE. DO NOT EDIT THIS FILE DIRECTLY.
# yarn lockfile v1


"@babel/runtime@^7.12.5":
  version "7.29.2"
  resolved "https://registry.yarnpkg.com/@babel/runtime/-/runtime-7.29.2.tgz#9a6e2d05f4b6692e1801cd4fb176ad823930ed5e"
  integrity sha512-JiDShH45zKHWyGe4ZNVRrCjBz8Nh9TMmZG1kh4QTK8hCBTWBi8Da+i7s1fJw7/lYpM4ccepSNfqzZ/QvABBi5g==

"@iabtcf/core@^1.5.6":
  version "1.5.6"
  resolved "https://registry.yarnpkg.com/@iabtcf/core/-/core-1.5.6.tgz#92568d89252fbf205aa65836703cb0a52e812382"
  integrity sha512-u2q9thI9vLurYZdGtyJsDYOqoeLc4EgQsYGSc+UVibYII61B/ENJPZS6eFlML1F0hSoTR/goptpo5nGRDkKd2w==

dequal@^2.0.2:
  version "2.0.3"
  resolved "https://registry.yarnpkg.com/dequal/-/dequal-2.0.3.tgz#2644214f1997d39ed0ee0ece72335490a7ac67be"
  integrity sha512-0je+qPKHEMohvfRTCEo3CrPG6cAzAYgmzKyxRiYSSDkS6eGJdyVJm7WaYA5ECaAD9wLB2T4EEeymA5aFVcYXCA==

react-native-google-mobile-ads@^16.3.3:
  version "16.3.3"
  resolved "https://registry.yarnpkg.com/react-native-google-mobile-ads/-/react-native-google-mobile-ads-16.3.3.tgz#c4aa2c198003b56c922f0da44fe26d082baa0653"
  integrity sha512-7AFdH3sUyAvwJc7dNJ7sxqfKJVWcdPRx5HdfWQOEsJTp9y+wOJ2V6cnLNkgBjZQG/W/ODZQDq4pKg51zBju2eg==
  dependencies:
    "@iabtcf/core" "^1.5.6"
    use-deep-compare-effect "^1.8.1"

use-deep-compare-effect@^1.8.1:
  version "1.8.1"
  resolved "https://registry.yarnpkg.com/use-deep-compare-effect/-/use-deep-compare-effect-1.8.1.tgz#ef0ce3b3271edb801da1ec23bf0754ef4189d0c6"
  integrity sha512-kbeNVZ9Zkc0RFGpfMN3MNfaKNvcLNyxOAAd9O4CBZ+kCBXXscn9s/4I+8ytUER4RDpEYs5+O6Rs4PqiZ+rHr5Q==
  dependencies:
    "@babel/runtime" "^7.12.5"
    dequal "^2.0.2"
